
Microsoft Visual Studio Solution File, Format Version 12.00
# Visual Studio Version 16
VisualStudioVersion = 16.0.30204.135
MinimumVisualStudioVersion = 10.0.40219.1
Project("{FAE04EC0-301F-11D3-BF4B-00C04F79EFBC}") = "FluentAPIFramework", "FluentAPIFramework\FluentAPIFramework.csproj", "{C9CA2B9B-16BD-477E-96E7-F784D935FAD9}"
EndProject
Global
	GlobalSection(SolutionConfigurationPlatforms) = preSolution
		Debug|Any CPU = Debug|Any CPU
		Release|Any CPU = Release|Any CPU
	EndGlobalSection
	GlobalSection(ProjectConfigurationPlatforms) = postSolution
		{C9CA2B9B-16BD-477E-96E7-F784D935FAD9}.Debug|Any CPU.ActiveCfg = Debug|Any CPU
		{C9CA2B9B-16BD-477E-96E7-F784D935FAD9}.Debug|Any CPU.Build.0 = Debug|Any CPU
		{C9CA2B9B-16BD-477E-96E7-F784D935FAD9}.Release|Any CPU.ActiveCfg = Release|Any CPU
		{C9CA2B9B-16BD-477E-96E7-F784D935FAD9}.Release|Any CPU.Build.0 = Release|Any CPU
	EndGlobalSection
	GlobalSection(SolutionProperties) = preSolution
		HideSolutionNode = FALSE
	EndGlobalSection
	GlobalSection(ExtensibilityGlobals) = postSolution
		SolutionGuid = {3C08CBB2-5C34-40D6-911C-C36BB85BC9E6}
	EndGlobalSection
EndGlobal
